
Microsoft Visual Studio Solution File, Format Version 12.00
# Visual Studio Version 16
VisualStudioVersion = 16.0.30711.63
MinimumVisualStudioVersion = 10.0.40219.1
Project("{FAE04EC0-301F-11D3-BF4B-00C04F79EFBC}") = "FileManagerTwo", "FileManagerTwo\FileManagerTwo.csproj", "{B28FB27A-6B33-472D-8BDC-3E88D0C3999C}"
EndProject
Project("{FAE04EC0-301F-11D3-BF4B-00C04F79EFBC}") = "ConsoleGui", "ConsoleGui\ConsoleGui.csproj", "{E6B266C6-0586-46BF-87A9-F5E348B2CFC6}"
EndProject
Global
	GlobalSection(SolutionConfigurationPlatforms) = preSolution
		Debug|Any CPU = Debug|Any CPU
		Release|Any CPU = Release|Any CPU
	EndGlobalSection
	GlobalSection(ProjectConfigurationPlatforms) = postSolution
		{B28FB27A-6B33-472D-8BDC-3E88D0C3999C}.Debug|Any CPU.ActiveCfg = Debug|Any CPU
		{B28FB27A-6B33-472D-8BDC-3E88D0C3999C}.Debug|Any CPU.Build.0 = Debug|Any CPU
		{B28FB27A-6B33-472D-8BDC-3E88D0C3999C}.Release|Any CPU.ActiveCfg = Release|Any CPU
		{B28FB27A-6B33-472D-8BDC-3E88D0C3999C}.Release|Any CPU.Build.0 = Release|Any CPU
		{E6B266C6-0586-46BF-87A9-F5E348B2CFC6}.Debug|Any CPU.ActiveCfg = Debug|Any CPU
		{E6B266C6-0586-46BF-87A9-F5E348B2CFC6}.Debug|Any CPU.Build.0 = Debug|Any CPU
		{E6B266C6-0586-46BF-87A9-F5E348B2CFC6}.Release|Any CPU.ActiveCfg = Release|Any CPU
		{E6B266C6-0586-46BF-87A9-F5E348B2CFC6}.Release|Any CPU.Build.0 = Release|Any CPU
	EndGlobalSection
	GlobalSection(SolutionProperties) = preSolution
		HideSolutionNode = FALSE
	EndGlobalSection
	GlobalSection(ExtensibilityGlobals) = postSolution
		SolutionGuid = {B52DE73F-6E0B-41FD-B960-81F804D3D60D}
	EndGlobalSection
EndGlobal
